// !$*UTF8*$!
{
	archiveVersion = 1;
	classes = {
	};
	objectVersion = 50;
	objects = {

/* Begin PBXBuildFile section */
		C06618926F906933A73DC673 /* Pods_weatherApp_API.framework in Frameworks */ = {isa = PBXBuildFile; fileRef = B1F27E7590C7B582AF88933C /* Pods_weatherApp_API.framework */; };
		DD0342C2256FFCE4000109C9 /* AppDelegate.swift in Sources */ = {isa = PBXBuildFile; fileRef = DD0342C1256FFCE4000109C9 /* AppDelegate.swift */; };
		DD0342C4256FFCE4000109C9 /* SceneDelegate.swift in Sources */ = {isa = PBXBuildFile; fileRef = DD0342C3256FFCE4000109C9 /* SceneDelegate.swift */; };
		DD0342C9256FFCE4000109C9 /* Main.storyboard in Resources */ = {isa = PBXBuildFile; fileRef = DD0342C7256FFCE4000109C9 /* Main.storyboard */; };
		DD0342CC256FFCE4000109C9 /* weatherApp_API.xcdatamodeld in Sources */ = {isa = PBXBuildFile; fileRef = DD0342CA256FFCE4000109C9 /* weatherApp_API.xcdatamodeld */; };
		DD0342CE256FFCE6000109C9 /* Assets.xcassets in Resources */ = {isa = PBXBuildFile; fileRef = DD0342CD256FFCE6000109C9 /* Assets.xcassets */; };
		DD0342D1256FFCE6000109C9 /* LaunchScreen.storyboard in Resources */ = {isa = PBXBuildFile; fileRef = DD0342CF256FFCE6000109C9 /* LaunchScreen.storyboard */; };
		DD0342E225700DC6000109C9 /* LocationsTableViewController.swift in Sources */ = {isa = PBXBuildFile; fileRef = DD0342E125700DC6000109C9 /* LocationsTableViewController.swift */; };
		DD0342E525706929000109C9 /* CoreDataManager.swift in Sources */ = {isa = PBXBuildFile; fileRef = DD0342E425706929000109C9 /* CoreDataManager.swift */; };
		DD0342E825709814000109C9 /* Service.swift in Sources */ = {isa = PBXBuildFile; fileRef = DD0342E725709814000109C9 /* Service.swift */; };
		DD20F052258179390092BE28 /* GoogleService-Info.plist in Resources */ = {isa = PBXBuildFile; fileRef = DD20F051258179390092BE28 /* GoogleService-Info.plist */; };
		DD25A8512572E9B10092B78E /* WeatherDetailViewController.swift in Sources */ = {isa = PBXBuildFile; fileRef = DD25A8502572E9B10092B78E /* WeatherDetailViewController.swift */; };
		DDE50BAB25716AE3009BC0EC /* Model.swift in Sources */ = {isa = PBXBuildFile; fileRef = DDE50BAA25716AE3009BC0EC /* Model.swift */; };
		DDE50BAE2571B0F5009BC0EC /* CitiesTableViewController.swift in Sources */ = {isa = PBXBuildFile; fileRef = DDE50BAD2571B0F5009BC0EC /* CitiesTableViewController.swift */; };
/* End PBXBuildFile section */

/* Begin PBXFileReference section */
		5DF507E4F9DF7DACAE16A5BF /* Pods-weatherApp_API.debug.xcconfig */ = {isa = PBXFileReference; includeInIndex = 1; lastKnownFileType = text.xcconfig; name = "Pods-weatherApp_API.debug.xcconfig"; path = "Target Support Files/Pods-weatherApp_API/Pods-weatherApp_API.debug.xcconfig"; sourceTree = "<group>"; };
		B1F27E7590C7B582AF88933C /* Pods_weatherApp_API.framework */ = {isa = PBXFileReference; explicitFileType = wrapper.framework; includeInIndex = 0; path = Pods_weatherApp_API.framework; sourceTree = BUILT_PRODUCTS_DIR; };
		DBF2EA94D8245F1E4F6D79B4 /* Pods-weatherApp_API.release.xcconfig */ = {isa = PBXFileReference; includeInIndex = 1; lastKnownFileType = text.xcconfig; name = "Pods-weatherApp_API.release.xcconfig"; path = "Target Support Files/Pods-weatherApp_API/Pods-weatherApp_API.release.xcconfig"; sourceTree = "<group>"; };
		DD0342BE256FFCE4000109C9 /* weatherApp_API.app */ = {isa = PBXFileReference; explicitFileType = wrapper.application; includeInIndex = 0; path = weatherApp_API.app; sourceTree = BUILT_PRODUCTS_DIR; };
		DD0342C1256FFCE4000109C9 /* AppDelegate.swift */ = {isa = PBXFileReference; lastKnownFileType = sourcecode.swift; path = AppDelegate.swift; sourceTree = "<group>"; };
		DD0342C3256FFCE4000109C9 /* SceneDelegate.swift */ = {isa = PBXFileReference; lastKnownFileType = sourcecode.swift; path = SceneDelegate.swift; sourceTree = "<group>"; };
		DD0342C8256FFCE4000109C9 /* Base */ = {isa = PBXFileReference; lastKnownFileType = file.storyboard; name = Base; path = Base.lproj/Main.storyboard; sourceTree = "<group>"; };
		DD0342CB256FFCE4000109C9 /* weatherApp_API.xcdatamodel */ = {isa = PBXFileReference; lastKnownFileType = wrapper.xcdatamodel; path = weatherApp_API.xcdatamodel; sourceTree = "<group>"; };
		DD0342CD256FFCE6000109C9 /* Assets.xcassets */ = {isa = PBXFileReference; lastKnownFileType = folder.assetcatalog; path = Assets.xcassets; sourceTree = "<group>"; };
		DD0342D0256FFCE6000109C9 /* Base */ = {isa = PBXFileReference; lastKnownFileType = file.storyboard; name = Base; path = Base.lproj/LaunchScreen.storyboard; sourceTree = "<group>"; };
		DD0342D2256FFCE6000109C9 /* Info.plist */ = {isa = PBXFileReference; lastKnownFileType = text.plist.xml; path = Info.plist; sourceTree = "<group>"; };
		DD0342E125700DC6000109C9 /* LocationsTableViewController.swift */ = {isa = PBXFileReference; lastKnownFileType = sourcecode.swift; path = LocationsTableViewController.swift; sourceTree = "<group>"; };
		DD0342E425706929000109C9 /* CoreDataManager.swift */ = {isa = PBXFileReference; lastKnownFileType = sourcecode.swift; path = CoreDataManager.swift; sourceTree = "<group>"; };
		DD0342E725709814000109C9 /* Service.swift */ = {isa = PBXFileReference; lastKnownFileType = sourcecode.swift; path = Service.swift; sourceTree = "<group>"; };
		DD20F051258179390092BE28 /* GoogleService-Info.plist */ = {isa = PBXFileReference; fileEncoding = 4; lastKnownFileType = text.plist.xml; name = "GoogleService-Info.plist"; path = "../../../Desktop/GoogleService-Info.plist"; sourceTree = "<group>"; };
		DD25A8502572E9B10092B78E /* WeatherDetailViewController.swift */ = {isa = PBXFileReference; lastKnownFileType = sourcecode.swift; path = WeatherDetailViewController.swift; sourceTree = "<group>"; };
		DD7F2F6F258199C300AD7DE3 /* weatherApp_API.entitlements */ = {isa = PBXFileReference; lastKnownFileType = text.plist.entitlements; path = weatherApp_API.entitlements; sourceTree = "<group>"; };
		DDE50BAA25716AE3009BC0EC /* Model.swift */ = {isa = PBXFileReference; lastKnownFileType = sourcecode.swift; path = Model.swift; sourceTree = "<group>"; };
		DDE50BAD2571B0F5009BC0EC /* CitiesTableViewController.swift */ = {isa = PBXFileReference; lastKnownFileType = sourcecode.swift; path = CitiesTableViewController.swift; sourceTree = "<group>"; };
/* End PBXFileReference section */

/* Begin PBXFrameworksBuildPhase section */
		DD0342BB256FFCE4000109C9 /* Frameworks */ = {
			isa = PBXFrameworksBuildPhase;
			buildActionMask = 2147483647;
			files = (
				C06618926F906933A73DC673 /* Pods_weatherApp_API.framework in Frameworks */,
			);
			runOnlyForDeploymentPostprocessing = 0;
		};
/* End PBXFrameworksBuildPhase section */

/* Begin PBXGroup section */
		5DD78304F67732B39738DC1B /* Frameworks */ = {
			isa = PBXGroup;
			children = (
				B1F27E7590C7B582AF88933C /* Pods_weatherApp_API.framework */,
			);
			name = Frameworks;
			sourceTree = "<group>";
		};
		D298BFC6BDD0E1AB17C74BA9 /* Pods */ = {
			isa = PBXGroup;
			children = (
				5DF507E4F9DF7DACAE16A5BF /* Pods-weatherApp_API.debug.xcconfig */,
				DBF2EA94D8245F1E4F6D79B4 /* Pods-weatherApp_API.release.xcconfig */,
			);
			path = Pods;
			sourceTree = "<group>";
		};
		DD0342B5256FFCE4000109C9 = {
			isa = PBXGroup;
			children = (
				DD0342C0256FFCE4000109C9 /* weatherApp_API */,
				DD0342BF256FFCE4000109C9 /* Products */,
				D298BFC6BDD0E1AB17C74BA9 /* Pods */,
				5DD78304F67732B39738DC1B /* Frameworks */,
			);
			sourceTree = "<group>";
		};
		DD0342BF256FFCE4000109C9 /* Products */ = {
			isa = PBXGroup;
			children = (
				DD0342BE256FFCE4000109C9 /* weatherApp_API.app */,
			);
			name = Products;
			sourceTree = "<group>";
		};
		DD0342C0256FFCE4000109C9 /* weatherApp_API */ = {
			isa = PBXGroup;
			children = (
				DD7F2F6F258199C300AD7DE3 /* weatherApp_API.entitlements */,
				DD20F051258179390092BE28 /* GoogleService-Info.plist */,
				DD0342C1256FFCE4000109C9 /* AppDelegate.swift */,
				DD0342C3256FFCE4000109C9 /* SceneDelegate.swift */,
				DD0342C7256FFCE4000109C9 /* Main.storyboard */,
				DD0342CD256FFCE6000109C9 /* Assets.xcassets */,
				DD0342CF256FFCE6000109C9 /* LaunchScreen.storyboard */,
				DD0342D2256FFCE6000109C9 /* Info.plist */,
				DD0342CA256FFCE4000109C9 /* weatherApp_API.xcdatamodeld */,
				DD0342E125700DC6000109C9 /* LocationsTableViewController.swift */,
				DD0342E425706929000109C9 /* CoreDataManager.swift */,
				DD0342E725709814000109C9 /* Service.swift */,
				DDE50BAA25716AE3009BC0EC /* Model.swift */,
				DDE50BAD2571B0F5009BC0EC /* CitiesTableViewController.swift */,
				DD25A8502572E9B10092B78E /* WeatherDetailViewController.swift */,
			);
			path = weatherApp_API;
			sourceTree = "<group>";
		};
/* End PBXGroup section */

/* Begin PBXNativeTarget section */
		DD0342BD256FFCE4000109C9 /* weatherApp_API */ = {
			isa = PBXNativeTarget;
			buildConfigurationList = DD0342D5256FFCE6000109C9 /* Build configuration list for PBXNativeTarget "weatherApp_API" */;
			buildPhases = (
				0422F753469A08D1F04DBEA7 /* [CP] Check Pods Manifest.lock */,
				DD0342BA256FFCE4000109C9 /* Sources */,
				DD0342BB256FFCE4000109C9 /* Frameworks */,
				DD0342BC256FFCE4000109C9 /* Resources */,
				07ECF57363ED30ED50ECB050 /* [CP] Embed Pods Frameworks */,
			);
			buildRules = (
			);
			dependencies = (
			);
			name = weatherApp_API;
			productName = weatherApp_API;
			productReference = DD0342BE256FFCE4000109C9 /* weatherApp_API.app */;
			productType = "com.apple.product-type.application";
		};
/* End PBXNativeTarget section */

/* Begin PBXProject section */
		DD0342B6256FFCE4000109C9 /* Project object */ = {
			isa = PBXProject;
			attributes = {
				LastSwiftUpdateCheck = 1220;
				LastUpgradeCheck = 1220;
				TargetAttributes = {
					DD0342BD256FFCE4000109C9 = {
						CreatedOnToolsVersion = 12.2;
					};
				};
			};
			buildConfigurationList = DD0342B9256FFCE4000109C9 /* Build configuration list for PBXProject "weatherApp_API" */;
			compatibilityVersion = "Xcode 9.3";
			developmentRegion = en;
			hasScannedForEncodings = 0;
			knownRegions = (
				en,
				Base,
			);
			mainGroup = DD0342B5256FFCE4000109C9;
			productRefGroup = DD0342BF256FFCE4000109C9 /* Products */;
			projectDirPath = "";
			projectRoot = "";
			targets = (
				DD0342BD256FFCE4000109C9 /* weatherApp_API */,
			);
		};
/* End PBXProject section */

/* Begin PBXResourcesBuildPhase section */
		DD0342BC256FFCE4000109C9 /* Resources */ = {
			isa = PBXResourcesBuildPhase;
			buildActionMask = 2147483647;
			files = (
				DD0342D1256FFCE6000109C9 /* LaunchScreen.storyboard in Resources */,
				DD20F052258179390092BE28 /* GoogleService-Info.plist in Resources */,
				DD0342CE256FFCE6000109C9 /* Assets.xcassets in Resources */,
				DD0342C9256FFCE4000109C9 /* Main.storyboard in Resources */,
			);
			runOnlyForDeploymentPostprocessing = 0;
		};
/* End PBXResourcesBuildPhase section */

/* Begin PBXShellScriptBuildPhase section */
		0422F753469A08D1F04DBEA7 /* [CP] Check Pods Manifest.lock */ = {
			isa = PBXShellScriptBuildPhase;
			buildActionMask = 2147483647;
			files = (
			);
			inputFileListPaths = (
			);
			inputPaths = (
				"${PODS_PODFILE_DIR_PATH}/Podfile.lock",
				"${PODS_ROOT}/Manifest.lock",
			);
			name = "[CP] Check Pods Manifest.lock";
			outputFileListPaths = (
			);
			outputPaths = (
				"$(DERIVED_FILE_DIR)/Pods-weatherApp_API-checkManifestLockResult.txt",
			);
			runOnlyForDeploymentPostprocessing = 0;
			shellPath = /bin/sh;
			shellScript = "diff \"${PODS_PODFILE_DIR_PATH}/Podfile.lock\" \"${PODS_ROOT}/Manifest.lock\" > /dev/null\nif [ $? != 0 ] ; then\n    # print error to STDERR\n    echo \"error: The sandbox is not in sync with the Podfile.lock. Run 'pod install' or update your CocoaPods installation.\" >&2\n    exit 1\nfi\n# This output is used by Xcode 'outputs' to avoid re-running this script phase.\necho \"SUCCESS\" > \"${SCRIPT_OUTPUT_FILE_0}\"\n";
			showEnvVarsInLog = 0;
		};
		07ECF57363ED30ED50ECB050 /* [CP] Embed Pods Frameworks */ = {
			isa = PBXShellScriptBuildPhase;
			buildActionMask = 2147483647;
			files = (
			);
			inputFileListPaths = (
				"${PODS_ROOT}/Target Support Files/Pods-weatherApp_API/Pods-weatherApp_API-frameworks-${CONFIGURATION}-input-files.xcfilelist",
			);
			name = "[CP] Embed Pods Frameworks";
			outputFileListPaths = (
				"${PODS_ROOT}/Target Support Files/Pods-weatherApp_API/Pods-weatherApp_API-frameworks-${CONFIGURATION}-output-files.xcfilelist",
			);
			runOnlyForDeploymentPostprocessing = 0;
			shellPath = /bin/sh;
			shellScript = "\"${PODS_ROOT}/Target Support Files/Pods-weatherApp_API/Pods-weatherApp_API-frameworks.sh\"\n";
			showEnvVarsInLog = 0;
		};
/* End PBXShellScriptBuildPhase section */

/* Begin PBXSourcesBuildPhase section */
		DD0342BA256FFCE4000109C9 /* Sources */ = {
			isa = PBXSourcesBuildPhase;
			buildActionMask = 2147483647;
			files = (
				DD25A8512572E9B10092B78E /* WeatherDetailViewController.swift in Sources */,
				DDE50BAB25716AE3009BC0EC /* Model.swift in Sources */,
				DD0342E225700DC6000109C9 /* LocationsTableViewController.swift in Sources */,
				DDE50BAE2571B0F5009BC0EC /* CitiesTableViewController.swift in Sources */,
				DD0342CC256FFCE4000109C9 /* weatherApp_API.xcdatamodeld in Sources */,
				DD0342C2256FFCE4000109C9 /* AppDelegate.swift in Sources */,
				DD0342E525706929000109C9 /* CoreDataManager.swift in Sources */,
				DD0342C4256FFCE4000109C9 /* SceneDelegate.swift in Sources */,
				DD0342E825709814000109C9 /* Service.swift in Sources */,
			);
			runOnlyForDeploymentPostprocessing = 0;
		};
/* End PBXSourcesBuildPhase section */

/* Begin PBXVariantGroup section */
		DD0342C7256FFCE4000109C9 /* Main.storyboard */ = {
			isa = PBXVariantGroup;
			children = (
				DD0342C8256FFCE4000109C9 /* Base */,
			);
			name = Main.storyboard;
			sourceTree = "<group>";
		};
		DD0342CF256FFCE6000109C9 /* LaunchScreen.storyboard */ = {
			isa = PBXVariantGroup;
			children = (
				DD0342D0256FFCE6000109C9 /* Base */,
			);
			name = LaunchScreen.storyboard;
			sourceTree = "<group>";
		};
/* End PBXVariantGroup section */

/* Begin XCBuildConfiguration section */
		DD0342D3256FFCE6000109C9 /* Debug */ = {
			isa = XCBuildConfiguration;
			buildSettings = {
				ALWAYS_SEARCH_USER_PATHS = NO;
				CLANG_ANALYZER_NONNULL = YES;
				CLANG_ANALYZER_NUMBER_OBJECT_CONVERSION = YES_AGGRESSIVE;
				CLANG_CXX_LANGUAGE_STANDARD = "gnu++14";
				CLANG_CXX_LIBRARY = "libc++";
				CLANG_ENABLE_MODULES = YES;
				CLANG_ENABLE_OBJC_ARC = YES;
				CLANG_ENABLE_OBJC_WEAK = YES;
				CLANG_WARN_BLOCK_CAPTURE_AUTORELEASING = YES;
				CLANG_WARN_BOOL_CONVERSION = YES;
				CLANG_WARN_COMMA = YES;
				CLANG_WARN_CONSTANT_CONVERSION = YES;
				CLANG_WARN_DEPRECATED_OBJC_IMPLEMENTATIONS = YES;
				CLANG_WARN_DIRECT_OBJC_ISA_USAGE = YES_ERROR;
				CLANG_WARN_DOCUMENTATION_COMMENTS = YES;
				CLANG_WARN_EMPTY_BODY = YES;
				CLANG_WARN_ENUM_CONVERSION = YES;
				CLANG_WARN_INFINITE_RECURSION = YES;
				CLANG_WARN_INT_CONVERSION = YES;
				CLANG_WARN_NON_LITERAL_NULL_CONVERSION = YES;
				CLANG_WARN_OBJC_IMPLICIT_RETAIN_SELF = YES;
				CLANG_WARN_OBJC_LITERAL_CONVERSION = YES;
				CLANG_WARN_OBJC_ROOT_CLASS = YES_ERROR;
				CLANG_WARN_QUOTED_INCLUDE_IN_FRAMEWORK_HEADER = YES;
				CLANG_WARN_RANGE_LOOP_ANALYSIS = YES;
				CLANG_WARN_STRICT_PROTOTYPES = YES;
				CLANG_WARN_SUSPICIOUS_MOVE = YES;
				CLANG_WARN_UNGUARDED_AVAILABILITY = YES_AGGRESSIVE;
				CLANG_WARN_UNREACHABLE_CODE = YES;
				CLANG_WARN__DUPLICATE_METHOD_MATCH = YES;
				COPY_PHASE_STRIP = NO;
				DEBUG_INFORMATION_FORMAT = dwarf;
				ENABLE_STRICT_OBJC_MSGSEND = YES;
				ENABLE_TESTABILITY = YES;
				GCC_C_LANGUAGE_STANDARD = gnu11;
				GCC_DYNAMIC_NO_PIC = NO;
				GCC_NO_COMMON_BLOCKS = YES;
				GCC_OPTIMIZATION_LEVEL = 0;
				GCC_PREPROCESSOR_DEFINITIONS = (
					"DEBUG=1",
					"$(inherited)",
				);
				GCC_WARN_64_TO_32_BIT_CONVERSION = YES;
				GCC_WARN_ABOUT_RETURN_TYPE = YES_ERROR;
				GCC_WARN_UNDECLARED_SELECTOR = YES;
				GCC_WARN_UNINITIALIZED_AUTOS = YES_AGGRESSIVE;
				GCC_WARN_UNUSED_FUNCTION = YES;
				GCC_WARN_UNUSED_VARIABLE = YES;
				IPHONEOS_DEPLOYMENT_TARGET = 14.2;
				MTL_ENABLE_DEBUG_INFO = INCLUDE_SOURCE;
				MTL_FAST_MATH = YES;
				ONLY_ACTIVE_ARCH = YES;
				SDKROOT = iphoneos;
				SWIFT_ACTIVE_COMPILATION_CONDITIONS = DEBUG;
				SWIFT_OPTIMIZATION_LEVEL = "-Onone";
			};
			name = Debug;
		};
		DD0342D4256FFCE6000109C9 /* Release */ = {
			isa = XCBuildConfiguration;
			buildSettings = {
				ALWAYS_SEARCH_USER_PATHS = NO;
				CLANG_ANALYZER_NONNULL = YES;
				CLANG_ANALYZER_NUMBER_OBJECT_CONVERSION = YES_AGGRESSIVE;
				CLANG_CXX_LANGUAGE_STANDARD = "gnu++14";
				CLANG_CXX_LIBRARY = "libc++";
				CLANG_ENABLE_MODULES = YES;
				CLANG_ENABLE_OBJC_ARC = YES;
				CLANG_ENABLE_OBJC_WEAK = YES;
				CLANG_WARN_BLOCK_CAPTURE_AUTORELEASING = YES;
				CLANG_WARN_BOOL_CONVERSION = YES;
				CLANG_WARN_COMMA = YES;
				CLANG_WARN_CONSTANT_CONVERSION = YES;
				CLANG_WARN_DEPRECATED_OBJC_IMPLEMENTATIONS = YES;
				CLANG_WARN_DIRECT_OBJC_ISA_USAGE = YES_ERROR;
				CLANG_WARN_DOCUMENTATION_COMMENTS = YES;
				CLANG_WARN_EMPTY_BODY = YES;
				CLANG_WARN_ENUM_CONVERSION = YES;
				CLANG_WARN_INFINITE_RECURSION = YES;
				CLANG_WARN_INT_CONVERSION = YES;
				CLANG_WARN_NON_LITERAL_NULL_CONVERSION = YES;
				CLANG_WARN_OBJC_IMPLICIT_RETAIN_SELF = YES;
				CLANG_WARN_OBJC_LITERAL_CONVERSION = YES;
				CLANG_WARN_OBJC_ROOT_CLASS = YES_ERROR;
				CLANG_WARN_QUOTED_INCLUDE_IN_FRAMEWORK_HEADER = YES;
				CLANG_WARN_RANGE_LOOP_ANALYSIS = YES;
				CLANG_WARN_STRICT_PROTOTYPES = YES;
				CLANG_WARN_SUSPICIOUS_MOVE = YES;
				CLANG_WARN_UNGUARDED_AVAILABILITY = YES_AGGRESSIVE;
				CLANG_WARN_UNREACHABLE_CODE = YES;
				CLANG_WARN__DUPLICATE_METHOD_MATCH = YES;
				COPY_PHASE_STRIP = NO;
				DEBUG_INFORMATION_FORMAT = "dwarf-with-dsym";
				ENABLE_NS_ASSERTIONS = NO;
				ENABLE_STRICT_OBJC_MSGSEND = YES;
				GCC_C_LANGUAGE_STANDARD = gnu11;
				GCC_NO_COMMON_BLOCKS = YES;
				GCC_WARN_64_TO_32_BIT_CONVERSION = YES;
				GCC_WARN_ABOUT_RETURN_TYPE = YES_ERROR;
				GCC_WARN_UNDECLARED_SELECTOR = YES;
				GCC_WARN_UNINITIALIZED_AUTOS = YES_AGGRESSIVE;
				GCC_WARN_UNUSED_FUNCTION = YES;
				GCC_WARN_UNUSED_VARIABLE = YES;
				IPHONEOS_DEPLOYMENT_TARGET = 14.2;
				MTL_ENABLE_DEBUG_INFO = NO;
				MTL_FAST_MATH = YES;
				SDKROOT = iphoneos;
				SWIFT_COMPILATION_MODE = wholemodule;
				SWIFT_OPTIMIZATION_LEVEL = "-O";
				VALIDATE_PRODUCT = YES;
			};
			name = Release;
		};
		DD0342D6256FFCE6000109C9 /* Debug */ = {
			isa = XCBuildConfiguration;
			baseConfigurationReference = 5DF507E4F9DF7DACAE16A5BF /* Pods-weatherApp_API.debug.xcconfig */;
			buildSettings = {
				ASSETCATALOG_COMPILER_APPICON_NAME = AppIcon;
				ASSETCATALOG_COMPILER_GLOBAL_ACCENT_COLOR_NAME = AccentColor;
				CODE_SIGN_ENTITLEMENTS = weatherApp_API/weatherApp_API.entitlements;
				CODE_SIGN_STYLE = Automatic;
				INFOPLIST_FILE = weatherApp_API/Info.plist;
				LD_RUNPATH_SEARCH_PATHS = (
					"$(inherited)",
					"@executable_path/Frameworks",
				);
				PRODUCT_BUNDLE_IDENTIFIER = "com.exampleccc.weatherApp-API";
				PRODUCT_NAME = "$(TARGET_NAME)";
				SWIFT_VERSION = 5.0;
				TARGETED_DEVICE_FAMILY = "1,2";
			};
			name = Debug;
		};
		DD0342D7256FFCE6000109C9 /* Release */ = {
			isa = XCBuildConfiguration;
			baseConfigurationReference = DBF2EA94D8245F1E4F6D79B4 /* Pods-weatherApp_API.release.xcconfig */;
			buildSettings = {
				ASSETCATALOG_COMPILER_APPICON_NAME = AppIcon;
				ASSETCATALOG_COMPILER_GLOBAL_ACCENT_COLOR_NAME = AccentColor;
				CODE_SIGN_ENTITLEMENTS = weatherApp_API/weatherApp_API.entitlements;
				CODE_SIGN_STYLE = Automatic;
				INFOPLIST_FILE = weatherApp_API/Info.plist;
				LD_RUNPATH_SEARCH_PATHS = (
					"$(inherited)",
					"@executable_path/Frameworks",
				);
				PRODUCT_BUNDLE_IDENTIFIER = "com.exampleccc.weatherApp-API";
				PRODUCT_NAME = "$(TARGET_NAME)";
				SWIFT_VERSION = 5.0;
				TARGETED_DEVICE_FAMILY = "1,2";
			};
			name = Release;
		};
/* End XCBuildConfiguration section */

/* Begin XCConfigurationList section */
		DD0342B9256FFCE4000109C9 /* Build configuration list for PBXProject "weatherApp_API" */ = {
			isa = XCConfigurationList;
			buildConfigurations = (
				DD0342D3256FFCE6000109C9 /* Debug */,
				DD0342D4256FFCE6000109C9 /* Release */,
			);
			defaultConfigurationIsVisible = 0;
			defaultConfigurationName = Release;
		};
		DD0342D5256FFCE6000109C9 /* Build configuration list for PBXNativeTarget "weatherApp_API" */ = {
			isa = XCConfigurationList;
			buildConfigurations = (
				DD0342D6256FFCE6000109C9 /* Debug */,
				DD0342D7256FFCE6000109C9 /* Release */,
			);
			defaultConfigurationIsVisible = 0;
			defaultConfigurationName = Release;
		};
/* End XCConfigurationList section */

/* Begin XCVersionGroup section */
		DD0342CA256FFCE4000109C9 /* weatherApp_API.xcdatamodeld */ = {
			isa = XCVersionGroup;
			children = (
				DD0342CB256FFCE4000109C9 /* weatherApp_API.xcdatamodel */,
			);
			currentVersion = DD0342CB256FFCE4000109C9 /* weatherApp_API.xcdatamodel */;
			path = weatherApp_API.xcdatamodeld;
			sourceTree = "<group>";
			versionGroupType = wrapper.xcdatamodel;
		};
/* End XCVersionGroup section */
	};
	rootObject = DD0342B6256FFCE4000109C9 /* Project object */;
}
